
Microsoft Visual Studio Solution File, Format Version 12.00
# Visual Studio Version 16
VisualStudioVersion = 16.0.30204.135
MinimumVisualStudioVersion = 10.0.40219.1
Project("{FAE04EC0-301F-11D3-BF4B-00C04F79EFBC}") = "ClassLibrary", "ClassLibrary\ClassLibrary.csproj", "{7ED0BFA2-4F77-4976-82E3-924B14220D50}"
EndProject
Global
	GlobalSection(SolutionConfigurationPlatforms) = preSolution
		Debug|Any CPU = Debug|Any CPU
		Release|Any CPU = Release|Any CPU
	EndGlobalSection
	GlobalSection(ProjectConfigurationPlatforms) = postSolution
		{7ED0BFA2-4F77-4976-82E3-924B14220D50}.Debug|Any CPU.ActiveCfg = Debug|Any CPU
		{7ED0BFA2-4F77-4976-82E3-924B14220D50}.Debug|Any CPU.Build.0 = Debug|Any CPU
		{7ED0BFA2-4F77-4976-82E3-924B14220D50}.Release|Any CPU.ActiveCfg = Release|Any CPU
		{7ED0BFA2-4F77-4976-82E3-924B14220D50}.Release|Any CPU.Build.0 = Release|Any CPU
	EndGlobalSection
	GlobalSection(SolutionProperties) = preSolution
		HideSolutionNode = FALSE
	EndGlobalSection
	GlobalSection(ExtensibilityGlobals) = postSolution
		SolutionGuid = {7B476172-56BA-4F49-833C-B972D97E0447}
	EndGlobalSection
EndGlobal
